
Microsoft Visual Studio Solution File, Format Version 12.00
# Visual Studio Version 16
VisualStudioVersion = 16.0.28803.352
MinimumVisualStudioVersion = 10.0.40219.1
Project("{FAE04EC0-301F-11D3-BF4B-00C04F79EFBC}") = "OptimiationProject", "OptimiationProject\OptimiationProject.csproj", "{C166F9C4-A378-4673-BFAE-2AEA493EC3AA}"
EndProject
Global
	GlobalSection(SolutionConfigurationPlatforms) = preSolution
		Debug|Any CPU = Debug|Any CPU
		Release|Any CPU = Release|Any CPU
	EndGlobalSection
	GlobalSection(ProjectConfigurationPlatforms) = postSolution
		{C166F9C4-A378-4673-BFAE-2AEA493EC3AA}.Debug|Any CPU.ActiveCfg = Debug|Any CPU
		{C166F9C4-A378-4673-BFAE-2AEA493EC3AA}.Debug|Any CPU.Build.0 = Debug|Any CPU
		{C166F9C4-A378-4673-BFAE-2AEA493EC3AA}.Release|Any CPU.ActiveCfg = Release|Any CPU
		{C166F9C4-A378-4673-BFAE-2AEA493EC3AA}.Release|Any CPU.Build.0 = Release|Any CPU
	EndGlobalSection
	GlobalSection(SolutionProperties) = preSolution
		HideSolutionNode = FALSE
	EndGlobalSection
	GlobalSection(ExtensibilityGlobals) = postSolution
		BuildVersion_BuildVersioningStyle = None.None.None.Increment
		BuildVersion_UseUniversalClock = True
		BuildVersion_UseGlobalSettings = True
		BuildVersion_StartDate = 2019/5/12
		BuildVersion_UpdateFileVersion = True
		BuildVersion_UpdateAssemblyVersion = True
		SolutionGuid = {7119FAD0-9C5F-485D-9867-7DAF5ED13158}
	EndGlobalSection
EndGlobal
